// !$*UTF8*$!
{
	archiveVersion = 1;
	classes = {
	};
	objectVersion = 50;
	objects = {

/* Begin PBXBuildFile section */
		8621796726ACCAD200DB6B4F /* GarmentApp.swift in Sources */ = {isa = PBXBuildFile; fileRef = 8621796626ACCAD200DB6B4F /* GarmentApp.swift */; };
		8621796926ACCAD200DB6B4F /* ContentView.swift in Sources */ = {isa = PBXBuildFile; fileRef = 8621796826ACCAD200DB6B4F /* ContentView.swift */; };
		8621796B26ACCAD300DB6B4F /* Assets.xcassets in Resources */ = {isa = PBXBuildFile; fileRef = 8621796A26ACCAD300DB6B4F /* Assets.xcassets */; };
		8621796E26ACCAD300DB6B4F /* Preview Assets.xcassets in Resources */ = {isa = PBXBuildFile; fileRef = 8621796D26ACCAD300DB6B4F /* Preview Assets.xcassets */; };
		8621797026ACCAD300DB6B4F /* Persistence.swift in Sources */ = {isa = PBXBuildFile; fileRef = 8621796F26ACCAD300DB6B4F /* Persistence.swift */; };
		8621797326ACCAD300DB6B4F /* Garment.xcdatamodeld in Sources */ = {isa = PBXBuildFile; fileRef = 8621797126ACCAD300DB6B4F /* Garment.xcdatamodeld */; };
		8621797E26ACCAD300DB6B4F /* GarmentTests.swift in Sources */ = {isa = PBXBuildFile; fileRef = 8621797D26ACCAD300DB6B4F /* GarmentTests.swift */; };
		8621798926ACCAD300DB6B4F /* GarmentUITests.swift in Sources */ = {isa = PBXBuildFile; fileRef = 8621798826ACCAD300DB6B4F /* GarmentUITests.swift */; };
/* End PBXBuildFile section */

/* Begin PBXContainerItemProxy section */
		8621797A26ACCAD300DB6B4F /* PBXContainerItemProxy */ = {
			isa = PBXContainerItemProxy;
			containerPortal = 8621795B26ACCAD200DB6B4F /* Project object */;
			proxyType = 1;
			remoteGlobalIDString = 8621796226ACCAD200DB6B4F;
			remoteInfo = Garment;
		};
		8621798526ACCAD300DB6B4F /* PBXContainerItemProxy */ = {
			isa = PBXContainerItemProxy;
			containerPortal = 8621795B26ACCAD200DB6B4F /* Project object */;
			proxyType = 1;
			remoteGlobalIDString = 8621796226ACCAD200DB6B4F;
			remoteInfo = Garment;
		};
/* End PBXContainerItemProxy section */

/* Begin PBXFileReference section */
		8621796326ACCAD200DB6B4F /* Garment.app */ = {isa = PBXFileReference; explicitFileType = wrapper.application; includeInIndex = 0; path = Garment.app; sourceTree = BUILT_PRODUCTS_DIR; };
		8621796626ACCAD200DB6B4F /* GarmentApp.swift */ = {isa = PBXFileReference; lastKnownFileType = sourcecode.swift; path = GarmentApp.swift; sourceTree = "<group>"; };
		8621796826ACCAD200DB6B4F /* ContentView.swift */ = {isa = PBXFileReference; lastKnownFileType = sourcecode.swift; path = ContentView.swift; sourceTree = "<group>"; };
		8621796A26ACCAD300DB6B4F /* Assets.xcassets */ = {isa = PBXFileReference; lastKnownFileType = folder.assetcatalog; path = Assets.xcassets; sourceTree = "<group>"; };
		8621796D26ACCAD300DB6B4F /* Preview Assets.xcassets */ = {isa = PBXFileReference; lastKnownFileType = folder.assetcatalog; path = "Preview Assets.xcassets"; sourceTree = "<group>"; };
		8621796F26ACCAD300DB6B4F /* Persistence.swift */ = {isa = PBXFileReference; lastKnownFileType = sourcecode.swift; path = Persistence.swift; sourceTree = "<group>"; };
		8621797226ACCAD300DB6B4F /* Garment.xcdatamodel */ = {isa = PBXFileReference; lastKnownFileType = wrapper.xcdatamodel; path = Garment.xcdatamodel; sourceTree = "<group>"; };
		8621797426ACCAD300DB6B4F /* Info.plist */ = {isa = PBXFileReference; lastKnownFileType = text.plist.xml; path = Info.plist; sourceTree = "<group>"; };
		8621797926ACCAD300DB6B4F /* GarmentTests.xctest */ = {isa = PBXFileReference; explicitFileType = wrapper.cfbundle; includeInIndex = 0; path = GarmentTests.xctest; sourceTree = BUILT_PRODUCTS_DIR; };
		8621797D26ACCAD300DB6B4F /* GarmentTests.swift */ = {isa = PBXFileReference; lastKnownFileType = sourcecode.swift; path = GarmentTests.swift; sourceTree = "<group>"; };
		8621797F26ACCAD300DB6B4F /* Info.plist */ = {isa = PBXFileReference; lastKnownFileType = text.plist.xml; path = Info.plist; sourceTree = "<group>"; };
		8621798426ACCAD300DB6B4F /* GarmentUITests.xctest */ = {isa = PBXFileReference; explicitFileType = wrapper.cfbundle; includeInIndex = 0; path = GarmentUITests.xctest; sourceTree = BUILT_PRODUCTS_DIR; };
		8621798826ACCAD300DB6B4F /* GarmentUITests.swift */ = {isa = PBXFileReference; lastKnownFileType = sourcecode.swift; path = GarmentUITests.swift; sourceTree = "<group>"; };
		8621798A26ACCAD300DB6B4F /* Info.plist */ = {isa = PBXFileReference; lastKnownFileType = text.plist.xml; path = Info.plist; sourceTree = "<group>"; };
/* End PBXFileReference section */

/* Begin PBXFrameworksBuildPhase section */
		8621796026ACCAD200DB6B4F /* Frameworks */ = {
			isa = PBXFrameworksBuildPhase;
			buildActionMask = 2147483647;
			files = (
			);
			runOnlyForDeploymentPostprocessing = 0;
		};
		8621797626ACCAD300DB6B4F /* Frameworks */ = {
			isa = PBXFrameworksBuildPhase;
			buildActionMask = 2147483647;
			files = (
			);
			runOnlyForDeploymentPostprocessing = 0;
		};
		8621798126ACCAD300DB6B4F /* Frameworks */ = {
			isa = PBXFrameworksBuildPhase;
			buildActionMask = 2147483647;
			files = (
			);
			runOnlyForDeploymentPostprocessing = 0;
		};
/* End PBXFrameworksBuildPhase section */

/* Begin PBXGroup section */
		8621795A26ACCAD200DB6B4F = {
			isa = PBXGroup;
			children = (
				8621796526ACCAD200DB6B4F /* Garment */,
				8621797C26ACCAD300DB6B4F /* GarmentTests */,
				8621798726ACCAD300DB6B4F /* GarmentUITests */,
				8621796426ACCAD200DB6B4F /* Products */,
			);
			sourceTree = "<group>";
		};
		8621796426ACCAD200DB6B4F /* Products */ = {
			isa = PBXGroup;
			children = (
				8621796326ACCAD200DB6B4F /* Garment.app */,
				8621797926ACCAD300DB6B4F /* GarmentTests.xctest */,
				8621798426ACCAD300DB6B4F /* GarmentUITests.xctest */,
			);
			name = Products;
			sourceTree = "<group>";
		};
		8621796526ACCAD200DB6B4F /* Garment */ = {
			isa = PBXGroup;
			children = (
				8621796626ACCAD200DB6B4F /* GarmentApp.swift */,
				8621796826ACCAD200DB6B4F /* ContentView.swift */,
				8621796A26ACCAD300DB6B4F /* Assets.xcassets */,
				8621796F26ACCAD300DB6B4F /* Persistence.swift */,
				8621797426ACCAD300DB6B4F /* Info.plist */,
				8621797126ACCAD300DB6B4F /* Garment.xcdatamodeld */,
				8621796C26ACCAD300DB6B4F /* Preview Content */,
			);
			path = Garment;
			sourceTree = "<group>";
		};
		8621796C26ACCAD300DB6B4F /* Preview Content */ = {
			isa = PBXGroup;
			children = (
				8621796D26ACCAD300DB6B4F /* Preview Assets.xcassets */,
			);
			path = "Preview Content";
			sourceTree = "<group>";
		};
		8621797C26ACCAD300DB6B4F /* GarmentTests */ = {
			isa = PBXGroup;
			children = (
				8621797D26ACCAD300DB6B4F /* GarmentTests.swift */,
				8621797F26ACCAD300DB6B4F /* Info.plist */,
			);
			path = GarmentTests;
			sourceTree = "<group>";
		};
		8621798726ACCAD300DB6B4F /* GarmentUITests */ = {
			isa = PBXGroup;
			children = (
				8621798826ACCAD300DB6B4F /* GarmentUITests.swift */,
				8621798A26ACCAD300DB6B4F /* Info.plist */,
			);
			path = GarmentUITests;
			sourceTree = "<group>";
		};
/* End PBXGroup section */

/* Begin PBXNativeTarget section */
		8621796226ACCAD200DB6B4F /* Garment */ = {
			isa = PBXNativeTarget;
			buildConfigurationList = 8621798D26ACCAD300DB6B4F /* Build configuration list for PBXNativeTarget "Garment" */;
			buildPhases = (
				8621795F26ACCAD200DB6B4F /* Sources */,
				8621796026ACCAD200DB6B4F /* Frameworks */,
				8621796126ACCAD200DB6B4F /* Resources */,
			);
			buildRules = (
			);
			dependencies = (
			);
			name = Garment;
			productName = Garment;
			productReference = 8621796326ACCAD200DB6B4F /* Garment.app */;
			productType = "com.apple.product-type.application";
		};
		8621797826ACCAD300DB6B4F /* GarmentTests */ = {
			isa = PBXNativeTarget;
			buildConfigurationList = 8621799026ACCAD300DB6B4F /* Build configuration list for PBXNativeTarget "GarmentTests" */;
			buildPhases = (
				8621797526ACCAD300DB6B4F /* Sources */,
				8621797626ACCAD300DB6B4F /* Frameworks */,
				8621797726ACCAD300DB6B4F /* Resources */,
			);
			buildRules = (
			);
			dependencies = (
				8621797B26ACCAD300DB6B4F /* PBXTargetDependency */,
			);
			name = GarmentTests;
			productName = GarmentTests;
			productReference = 8621797926ACCAD300DB6B4F /* GarmentTests.xctest */;
			productType = "com.apple.product-type.bundle.unit-test";
		};
		8621798326ACCAD300DB6B4F /* GarmentUITests */ = {
			isa = PBXNativeTarget;
			buildConfigurationList = 8621799326ACCAD300DB6B4F /* Build configuration list for PBXNativeTarget "GarmentUITests" */;
			buildPhases = (
				8621798026ACCAD300DB6B4F /* Sources */,
				8621798126ACCAD300DB6B4F /* Frameworks */,
				8621798226ACCAD300DB6B4F /* Resources */,
			);
			buildRules = (
			);
			dependencies = (
				8621798626ACCAD300DB6B4F /* PBXTargetDependency */,
			);
			name = GarmentUITests;
			productName = GarmentUITests;
			productReference = 8621798426ACCAD300DB6B4F /* GarmentUITests.xctest */;
			productType = "com.apple.product-type.bundle.ui-testing";
		};
/* End PBXNativeTarget section */

/* Begin PBXProject section */
		8621795B26ACCAD200DB6B4F /* Project object */ = {
			isa = PBXProject;
			attributes = {
				LastSwiftUpdateCheck = 1250;
				LastUpgradeCheck = 1250;
				TargetAttributes = {
					8621796226ACCAD200DB6B4F = {
						CreatedOnToolsVersion = 12.5;
					};
					8621797826ACCAD300DB6B4F = {
						CreatedOnToolsVersion = 12.5;
						TestTargetID = 8621796226ACCAD200DB6B4F;
					};
					8621798326ACCAD300DB6B4F = {
						CreatedOnToolsVersion = 12.5;
						TestTargetID = 8621796226ACCAD200DB6B4F;
					};
				};
			};
			buildConfigurationList = 8621795E26ACCAD200DB6B4F /* Build configuration list for PBXProject "Garment" */;
			compatibilityVersion = "Xcode 9.3";
			developmentRegion = en;
			hasScannedForEncodings = 0;
			knownRegions = (
				en,
				Base,
			);
			mainGroup = 8621795A26ACCAD200DB6B4F;
			productRefGroup = 8621796426ACCAD200DB6B4F /* Products */;
			projectDirPath = "";
			projectRoot = "";
			targets = (
				8621796226ACCAD200DB6B4F /* Garment */,
				8621797826ACCAD300DB6B4F /* GarmentTests */,
				8621798326ACCAD300DB6B4F /* GarmentUITests */,
			);
		};
/* End PBXProject section */

/* Begin PBXResourcesBuildPhase section */
		8621796126ACCAD200DB6B4F /* Resources */ = {
			isa = PBXResourcesBuildPhase;
			buildActionMask = 2147483647;
			files = (
				8621796E26ACCAD300DB6B4F /* Preview Assets.xcassets in Resources */,
				8621796B26ACCAD300DB6B4F /* Assets.xcassets in Resources */,
			);
			runOnlyForDeploymentPostprocessing = 0;
		};
		8621797726ACCAD300DB6B4F /* Resources */ = {
			isa = PBXResourcesBuildPhase;
			buildActionMask = 2147483647;
			files = (
			);
			runOnlyForDeploymentPostprocessing = 0;
		};
		8621798226ACCAD300DB6B4F /* Resources */ = {
			isa = PBXResourcesBuildPhase;
			buildActionMask = 2147483647;
			files = (
			);
			runOnlyForDeploymentPostprocessing = 0;
		};
/* End PBXResourcesBuildPhase section */

/* Begin PBXSourcesBuildPhase section */
		8621795F26ACCAD200DB6B4F /* Sources */ = {
			isa = PBXSourcesBuildPhase;
			buildActionMask = 2147483647;
			files = (
				8621797026ACCAD300DB6B4F /* Persistence.swift in Sources */,
				8621796926ACCAD200DB6B4F /* ContentView.swift in Sources */,
				8621797326ACCAD300DB6B4F /* Garment.xcdatamodeld in Sources */,
				8621796726ACCAD200DB6B4F /* GarmentApp.swift in Sources */,
			);
			runOnlyForDeploymentPostprocessing = 0;
		};
		8621797526ACCAD300DB6B4F /* Sources */ = {
			isa = PBXSourcesBuildPhase;
			buildActionMask = 2147483647;
			files = (
				8621797E26ACCAD300DB6B4F /* GarmentTests.swift in Sources */,
			);
			runOnlyForDeploymentPostprocessing = 0;
		};
		8621798026ACCAD300DB6B4F /* Sources */ = {
			isa = PBXSourcesBuildPhase;
			buildActionMask = 2147483647;
			files = (
				8621798926ACCAD300DB6B4F /* GarmentUITests.swift in Sources */,
			);
			runOnlyForDeploymentPostprocessing = 0;
		};
/* End PBXSourcesBuildPhase section */

/* Begin PBXTargetDependency section */
		8621797B26ACCAD300DB6B4F /* PBXTargetDependency */ = {
			isa = PBXTargetDependency;
			target = 8621796226ACCAD200DB6B4F /* Garment */;
			targetProxy = 8621797A26ACCAD300DB6B4F /* PBXContainerItemProxy */;
		};
		8621798626ACCAD300DB6B4F /* PBXTargetDependency */ = {
			isa = PBXTargetDependency;
			target = 8621796226ACCAD200DB6B4F /* Garment */;
			targetProxy = 8621798526ACCAD300DB6B4F /* PBXContainerItemProxy */;
		};
/* End PBXTargetDependency section */

/* Begin XCBuildConfiguration section */
		8621798B26ACCAD300DB6B4F /* Debug */ = {
			isa = XCBuildConfiguration;
			buildSettings = {
				ALWAYS_SEARCH_USER_PATHS = NO;
				CLANG_ANALYZER_NONNULL = YES;
				CLANG_ANALYZER_NUMBER_OBJECT_CONVERSION = YES_AGGRESSIVE;
				CLANG_CXX_LANGUAGE_STANDARD = "gnu++14";
				CLANG_CXX_LIBRARY = "libc++";
				CLANG_ENABLE_MODULES = YES;
				CLANG_ENABLE_OBJC_ARC = YES;
				CLANG_ENABLE_OBJC_WEAK = YES;
				CLANG_WARN_BLOCK_CAPTURE_AUTORELEASING = YES;
				CLANG_WARN_BOOL_CONVERSION = YES;
				CLANG_WARN_COMMA = YES;
				CLANG_WARN_CONSTANT_CONVERSION = YES;
				CLANG_WARN_DEPRECATED_OBJC_IMPLEMENTATIONS = YES;
				CLANG_WARN_DIRECT_OBJC_ISA_USAGE = YES_ERROR;
				CLANG_WARN_DOCUMENTATION_COMMENTS = YES;
				CLANG_WARN_EMPTY_BODY = YES;
				CLANG_WARN_ENUM_CONVERSION = YES;
				CLANG_WARN_INFINITE_RECURSION = YES;
				CLANG_WARN_INT_CONVERSION = YES;
				CLANG_WARN_NON_LITERAL_NULL_CONVERSION = YES;
				CLANG_WARN_OBJC_IMPLICIT_RETAIN_SELF = YES;
				CLANG_WARN_OBJC_LITERAL_CONVERSION = YES;
				CLANG_WARN_OBJC_ROOT_CLASS = YES_ERROR;
				CLANG_WARN_QUOTED_INCLUDE_IN_FRAMEWORK_HEADER = YES;
				CLANG_WARN_RANGE_LOOP_ANALYSIS = YES;
				CLANG_WARN_STRICT_PROTOTYPES = YES;
				CLANG_WARN_SUSPICIOUS_MOVE = YES;
				CLANG_WARN_UNGUARDED_AVAILABILITY = YES_AGGRESSIVE;
				CLANG_WARN_UNREACHABLE_CODE = YES;
				CLANG_WARN__DUPLICATE_METHOD_MATCH = YES;
				COPY_PHASE_STRIP = NO;
				DEBUG_INFORMATION_FORMAT = dwarf;
				ENABLE_STRICT_OBJC_MSGSEND = YES;
				ENABLE_TESTABILITY = YES;
				GCC_C_LANGUAGE_STANDARD = gnu11;
				GCC_DYNAMIC_NO_PIC = NO;
				GCC_NO_COMMON_BLOCKS = YES;
				GCC_OPTIMIZATION_LEVEL = 0;
				GCC_PREPROCESSOR_DEFINITIONS = (
					"DEBUG=1",
					"$(inherited)",
				);
				GCC_WARN_64_TO_32_BIT_CONVERSION = YES;
				GCC_WARN_ABOUT_RETURN_TYPE = YES_ERROR;
				GCC_WARN_UNDECLARED_SELECTOR = YES;
				GCC_WARN_UNINITIALIZED_AUTOS = YES_AGGRESSIVE;
				GCC_WARN_UNUSED_FUNCTION = YES;
				GCC_WARN_UNUSED_VARIABLE = YES;
				IPHONEOS_DEPLOYMENT_TARGET = 14.5;
				MTL_ENABLE_DEBUG_INFO = INCLUDE_SOURCE;
				MTL_FAST_MATH = YES;
				ONLY_ACTIVE_ARCH = YES;
				SDKROOT = iphoneos;
				SWIFT_ACTIVE_COMPILATION_CONDITIONS = DEBUG;
				SWIFT_OPTIMIZATION_LEVEL = "-Onone";
			};
			name = Debug;
		};
		8621798C26ACCAD300DB6B4F /* Release */ = {
			isa = XCBuildConfiguration;
			buildSettings = {
				ALWAYS_SEARCH_USER_PATHS = NO;
				CLANG_ANALYZER_NONNULL = YES;
				CLANG_ANALYZER_NUMBER_OBJECT_CONVERSION = YES_AGGRESSIVE;
				CLANG_CXX_LANGUAGE_STANDARD = "gnu++14";
				CLANG_CXX_LIBRARY = "libc++";
				CLANG_ENABLE_MODULES = YES;
				CLANG_ENABLE_OBJC_ARC = YES;
				CLANG_ENABLE_OBJC_WEAK = YES;
				CLANG_WARN_BLOCK_CAPTURE_AUTORELEASING = YES;
				CLANG_WARN_BOOL_CONVERSION = YES;
				CLANG_WARN_COMMA = YES;
				CLANG_WARN_CONSTANT_CONVERSION = YES;
				CLANG_WARN_DEPRECATED_OBJC_IMPLEMENTATIONS = YES;
				CLANG_WARN_DIRECT_OBJC_ISA_USAGE = YES_ERROR;
				CLANG_WARN_DOCUMENTATION_COMMENTS = YES;
				CLANG_WARN_EMPTY_BODY = YES;
				CLANG_WARN_ENUM_CONVERSION = YES;
				CLANG_WARN_INFINITE_RECURSION = YES;
				CLANG_WARN_INT_CONVERSION = YES;
				CLANG_WARN_NON_LITERAL_NULL_CONVERSION = YES;
				CLANG_WARN_OBJC_IMPLICIT_RETAIN_SELF = YES;
				CLANG_WARN_OBJC_LITERAL_CONVERSION = YES;
				CLANG_WARN_OBJC_ROOT_CLASS = YES_ERROR;
				CLANG_WARN_QUOTED_INCLUDE_IN_FRAMEWORK_HEADER = YES;
				CLANG_WARN_RANGE_LOOP_ANALYSIS = YES;
				CLANG_WARN_STRICT_PROTOTYPES = YES;
				CLANG_WARN_SUSPICIOUS_MOVE = YES;
				CLANG_WARN_UNGUARDED_AVAILABILITY = YES_AGGRESSIVE;
				CLANG_WARN_UNREACHABLE_CODE = YES;
				CLANG_WARN__DUPLICATE_METHOD_MATCH = YES;
				COPY_PHASE_STRIP = NO;
				DEBUG_INFORMATION_FORMAT = "dwarf-with-dsym";
				ENABLE_NS_ASSERTIONS = NO;
				ENABLE_STRICT_OBJC_MSGSEND = YES;
				GCC_C_LANGUAGE_STANDARD = gnu11;
				GCC_NO_COMMON_BLOCKS = YES;
				GCC_WARN_64_TO_32_BIT_CONVERSION = YES;
				GCC_WARN_ABOUT_RETURN_TYPE = YES_ERROR;
				GCC_WARN_UNDECLARED_SELECTOR = YES;
				GCC_WARN_UNINITIALIZED_AUTOS = YES_AGGRESSIVE;
				GCC_WARN_UNUSED_FUNCTION = YES;
				GCC_WARN_UNUSED_VARIABLE = YES;
				IPHONEOS_DEPLOYMENT_TARGET = 14.5;
				MTL_ENABLE_DEBUG_INFO = NO;
				MTL_FAST_MATH = YES;
				SDKROOT = iphoneos;
				SWIFT_COMPILATION_MODE = wholemodule;
				SWIFT_OPTIMIZATION_LEVEL = "-O";
				VALIDATE_PRODUCT = YES;
			};
			name = Release;
		};
		8621798E26ACCAD300DB6B4F /* Debug */ = {
			isa = XCBuildConfiguration;
			buildSettings = {
				ASSETCATALOG_COMPILER_APPICON_NAME = AppIcon;
				ASSETCATALOG_COMPILER_GLOBAL_ACCENT_COLOR_NAME = AccentColor;
				CODE_SIGN_STYLE = Automatic;
				DEVELOPMENT_ASSET_PATHS = "\"Garment/Preview Content\"";
				DEVELOPMENT_TEAM = L5X28646AN;
				ENABLE_PREVIEWS = YES;
				INFOPLIST_FILE = Garment/Info.plist;
				IPHONEOS_DEPLOYMENT_TARGET = 14.0;
				LD_RUNPATH_SEARCH_PATHS = (
					"$(inherited)",
					"@executable_path/Frameworks",
				);
				PRODUCT_BUNDLE_IDENTIFIER = com.phil.training.Garment;
				PRODUCT_NAME = "$(TARGET_NAME)";
				SWIFT_VERSION = 5.0;
				TARGETED_DEVICE_FAMILY = "1,2";
			};
			name = Debug;
		};
		8621798F26ACCAD300DB6B4F /* Release */ = {
			isa = XCBuildConfiguration;
			buildSettings = {
				ASSETCATALOG_COMPILER_APPICON_NAME = AppIcon;
				ASSETCATALOG_COMPILER_GLOBAL_ACCENT_COLOR_NAME = AccentColor;
				CODE_SIGN_STYLE = Automatic;
				DEVELOPMENT_ASSET_PATHS = "\"Garment/Preview Content\"";
				DEVELOPMENT_TEAM = L5X28646AN;
				ENABLE_PREVIEWS = YES;
				INFOPLIST_FILE = Garment/Info.plist;
				IPHONEOS_DEPLOYMENT_TARGET = 14.0;
				LD_RUNPATH_SEARCH_PATHS = (
					"$(inherited)",
					"@executable_path/Frameworks",
				);
				PRODUCT_BUNDLE_IDENTIFIER = com.phil.training.Garment;
				PRODUCT_NAME = "$(TARGET_NAME)";
				SWIFT_VERSION = 5.0;
				TARGETED_DEVICE_FAMILY = "1,2";
			};
			name = Release;
		};
		8621799126ACCAD300DB6B4F /* Debug */ = {
			isa = XCBuildConfiguration;
			buildSettings = {
				ALWAYS_EMBED_SWIFT_STANDARD_LIBRARIES = YES;
				BUNDLE_LOADER = "$(TEST_HOST)";
				CODE_SIGN_STYLE = Automatic;
				DEVELOPMENT_TEAM = L5X28646AN;
				INFOPLIST_FILE = GarmentTests/Info.plist;
				IPHONEOS_DEPLOYMENT_TARGET = 14.0;
				LD_RUNPATH_SEARCH_PATHS = (
					"$(inherited)",
					"@executable_path/Frameworks",
					"@loader_path/Frameworks",
				);
				PRODUCT_BUNDLE_IDENTIFIER = com.phil.training.GarmentTests;
				PRODUCT_NAME = "$(TARGET_NAME)";
				SWIFT_VERSION = 5.0;
				TARGETED_DEVICE_FAMILY = "1,2";
				TEST_HOST = "$(BUILT_PRODUCTS_DIR)/Garment.app/Garment";
			};
			name = Debug;
		};
		8621799226ACCAD300DB6B4F /* Release */ = {
			isa = XCBuildConfiguration;
			buildSettings = {
				ALWAYS_EMBED_SWIFT_STANDARD_LIBRARIES = YES;
				BUNDLE_LOADER = "$(TEST_HOST)";
				CODE_SIGN_STYLE = Automatic;
				DEVELOPMENT_TEAM = L5X28646AN;
				INFOPLIST_FILE = GarmentTests/Info.plist;
				IPHONEOS_DEPLOYMENT_TARGET = 14.0;
				LD_RUNPATH_SEARCH_PATHS = (
					"$(inherited)",
					"@executable_path/Frameworks",
					"@loader_path/Frameworks",
				);
				PRODUCT_BUNDLE_IDENTIFIER = com.phil.training.GarmentTests;
				PRODUCT_NAME = "$(TARGET_NAME)";
				SWIFT_VERSION = 5.0;
				TARGETED_DEVICE_FAMILY = "1,2";
				TEST_HOST = "$(BUILT_PRODUCTS_DIR)/Garment.app/Garment";
			};
			name = Release;
		};
		8621799426ACCAD300DB6B4F /* Debug */ = {
			isa = XCBuildConfiguration;
			buildSettings = {
				ALWAYS_EMBED_SWIFT_STANDARD_LIBRARIES = YES;
				CODE_SIGN_STYLE = Automatic;
				DEVELOPMENT_TEAM = L5X28646AN;
				INFOPLIST_FILE = GarmentUITests/Info.plist;
				LD_RUNPATH_SEARCH_PATHS = (
					"$(inherited)",
					"@executable_path/Frameworks",
					"@loader_path/Frameworks",
				);
				PRODUCT_BUNDLE_IDENTIFIER = com.phil.training.GarmentUITests;
				PRODUCT_NAME = "$(TARGET_NAME)";
				SWIFT_VERSION = 5.0;
				TARGETED_DEVICE_FAMILY = "1,2";
				TEST_TARGET_NAME = Garment;
			};
			name = Debug;
		};
		8621799526ACCAD300DB6B4F /* Release */ = {
			isa = XCBuildConfiguration;
			buildSettings = {
				ALWAYS_EMBED_SWIFT_STANDARD_LIBRARIES = YES;
				CODE_SIGN_STYLE = Automatic;
				DEVELOPMENT_TEAM = L5X28646AN;
				INFOPLIST_FILE = GarmentUITests/Info.plist;
				LD_RUNPATH_SEARCH_PATHS = (
					"$(inherited)",
					"@executable_path/Frameworks",
					"@loader_path/Frameworks",
				);
				PRODUCT_BUNDLE_IDENTIFIER = com.phil.training.GarmentUITests;
				PRODUCT_NAME = "$(TARGET_NAME)";
				SWIFT_VERSION = 5.0;
				TARGETED_DEVICE_FAMILY = "1,2";
				TEST_TARGET_NAME = Garment;
			};
			name = Release;
		};
/* End XCBuildConfiguration section */

/* Begin XCConfigurationList section */
		8621795E26ACCAD200DB6B4F /* Build configuration list for PBXProject "Garment" */ = {
			isa = XCConfigurationList;
			buildConfigurations = (
				8621798B26ACCAD300DB6B4F /* Debug */,
				8621798C26ACCAD300DB6B4F /* Release */,
			);
			defaultConfigurationIsVisible = 0;
			defaultConfigurationName = Release;
		};
		8621798D26ACCAD300DB6B4F /* Build configuration list for PBXNativeTarget "Garment" */ = {
			isa = XCConfigurationList;
			buildConfigurations = (
				8621798E26ACCAD300DB6B4F /* Debug */,
				8621798F26ACCAD300DB6B4F /* Release */,
			);
			defaultConfigurationIsVisible = 0;
			defaultConfigurationName = Release;
		};
		8621799026ACCAD300DB6B4F /* Build configuration list for PBXNativeTarget "GarmentTests" */ = {
			isa = XCConfigurationList;
			buildConfigurations = (
				8621799126ACCAD300DB6B4F /* Debug */,
				8621799226ACCAD300DB6B4F /* Release */,
			);
			defaultConfigurationIsVisible = 0;
			defaultConfigurationName = Release;
		};
		8621799326ACCAD300DB6B4F /* Build configuration list for PBXNativeTarget "GarmentUITests" */ = {
			isa = XCConfigurationList;
			buildConfigurations = (
				8621799426ACCAD300DB6B4F /* Debug */,
				8621799526ACCAD300DB6B4F /* Release */,
			);
			defaultConfigurationIsVisible = 0;
			defaultConfigurationName = Release;
		};
/* End XCConfigurationList section */

/* Begin XCVersionGroup section */
		8621797126ACCAD300DB6B4F /* Garment.xcdatamodeld */ = {
			isa = XCVersionGroup;
			children = (
				8621797226ACCAD300DB6B4F /* Garment.xcdatamodel */,
			);
			currentVersion = 8621797226ACCAD300DB6B4F /* Garment.xcdatamodel */;
			path = Garment.xcdatamodeld;
			sourceTree = "<group>";
			versionGroupType = wrapper.xcdatamodel;
		};
/* End XCVersionGroup section */
	};
	rootObject = 8621795B26ACCAD200DB6B4F /* Project object */;
}
